// !$*UTF8*$!
{
	archiveVersion = 1;
	classes = {
	};
	objectVersion = 56;
	objects = {

/* Begin PBXBuildFile section */
		B3CF225B2D6293050037DD29 /* ViewControllerLifecycleObservers.framework in Frameworks */ = {isa = PBXBuildFile; fileRef = B3CF22522D6293000037DD29 /* ViewControllerLifecycleObservers.framework */; };
		B3CF22602D6293050037DD29 /* ViewControllerLifecycleObserversTests.swift in Sources */ = {isa = PBXBuildFile; fileRef = B3CF225F2D6293050037DD29 /* ViewControllerLifecycleObserversTests.swift */; };
		B3CF22612D6293050037DD29 /* ViewControllerLifecycleObservers.h in Headers */ = {isa = PBXBuildFile; fileRef = B3CF22552D6293000037DD29 /* ViewControllerLifecycleObservers.h */; settings = {ATTRIBUTES = (Public, ); }; };
		B3CF226B2D6293510037DD29 /* UIViewControllers+LifecycleObservers.swift in Sources */ = {isa = PBXBuildFile; fileRef = B3CF226A2D6293510037DD29 /* UIViewControllers+LifecycleObservers.swift */; };
		B3CF22732D62972E0037DD29 /* AppDelegate.swift in Sources */ = {isa = PBXBuildFile; fileRef = B3CF22722D62972E0037DD29 /* AppDelegate.swift */; };
		B3CF22752D62972E0037DD29 /* SceneDelegate.swift in Sources */ = {isa = PBXBuildFile; fileRef = B3CF22742D62972E0037DD29 /* SceneDelegate.swift */; };
		B3CF22772D62972E0037DD29 /* ViewController.swift in Sources */ = {isa = PBXBuildFile; fileRef = B3CF22762D62972E0037DD29 /* ViewController.swift */; };
		B3CF227A2D62972E0037DD29 /* Base in Resources */ = {isa = PBXBuildFile; fileRef = B3CF22792D62972E0037DD29 /* Base */; };
		B3CF227C2D6297330037DD29 /* Assets.xcassets in Resources */ = {isa = PBXBuildFile; fileRef = B3CF227B2D6297330037DD29 /* Assets.xcassets */; };
		B3CF227F2D6297330037DD29 /* Base in Resources */ = {isa = PBXBuildFile; fileRef = B3CF227E2D6297330037DD29 /* Base */; };
/* End PBXBuildFile section */

/* Begin PBXContainerItemProxy section */
		B3CF225C2D6293050037DD29 /* PBXContainerItemProxy */ = {
			isa = PBXContainerItemProxy;
			containerPortal = B3CF22492D6293000037DD29 /* Project object */;
			proxyType = 1;
			remoteGlobalIDString = B3CF22512D6293000037DD29;
			remoteInfo = ViewControllerLifecycleObservers;
		};
/* End PBXContainerItemProxy section */

/* Begin PBXFileReference section */
		B3CF22522D6293000037DD29 /* ViewControllerLifecycleObservers.framework */ = {isa = PBXFileReference; explicitFileType = wrapper.framework; includeInIndex = 0; path = ViewControllerLifecycleObservers.framework; sourceTree = BUILT_PRODUCTS_DIR; };
		B3CF22552D6293000037DD29 /* ViewControllerLifecycleObservers.h */ = {isa = PBXFileReference; lastKnownFileType = sourcecode.c.h; path = ViewControllerLifecycleObservers.h; sourceTree = "<group>"; };
		B3CF225A2D6293050037DD29 /* ViewControllerLifecycleObserversTests.xctest */ = {isa = PBXFileReference; explicitFileType = wrapper.cfbundle; includeInIndex = 0; path = ViewControllerLifecycleObserversTests.xctest; sourceTree = BUILT_PRODUCTS_DIR; };
		B3CF225F2D6293050037DD29 /* ViewControllerLifecycleObserversTests.swift */ = {isa = PBXFileReference; lastKnownFileType = sourcecode.swift; path = ViewControllerLifecycleObserversTests.swift; sourceTree = "<group>"; };
		B3CF226A2D6293510037DD29 /* UIViewControllers+LifecycleObservers.swift */ = {isa = PBXFileReference; lastKnownFileType = sourcecode.swift; path = "UIViewControllers+LifecycleObservers.swift"; sourceTree = "<group>"; };
		B3CF22702D62972E0037DD29 /* ViewLifecycleObserversSampleApp.app */ = {isa = PBXFileReference; explicitFileType = wrapper.application; includeInIndex = 0; path = ViewLifecycleObserversSampleApp.app; sourceTree = BUILT_PRODUCTS_DIR; };
		B3CF22722D62972E0037DD29 /* AppDelegate.swift */ = {isa = PBXFileReference; lastKnownFileType = sourcecode.swift; path = AppDelegate.swift; sourceTree = "<group>"; };
		B3CF22742D62972E0037DD29 /* SceneDelegate.swift */ = {isa = PBXFileReference; lastKnownFileType = sourcecode.swift; path = SceneDelegate.swift; sourceTree = "<group>"; };
		B3CF22762D62972E0037DD29 /* ViewController.swift */ = {isa = PBXFileReference; lastKnownFileType = sourcecode.swift; path = ViewController.swift; sourceTree = "<group>"; };
		B3CF22792D62972E0037DD29 /* Base */ = {isa = PBXFileReference; lastKnownFileType = file.storyboard; name = Base; path = Base.lproj/Main.storyboard; sourceTree = "<group>"; };
		B3CF227B2D6297330037DD29 /* Assets.xcassets */ = {isa = PBXFileReference; lastKnownFileType = folder.assetcatalog; path = Assets.xcassets; sourceTree = "<group>"; };
		B3CF227E2D6297330037DD29 /* Base */ = {isa = PBXFileReference; lastKnownFileType = file.storyboard; name = Base; path = Base.lproj/LaunchScreen.storyboard; sourceTree = "<group>"; };
		B3CF22802D6297330037DD29 /* Info.plist */ = {isa = PBXFileReference; lastKnownFileType = text.plist.xml; path = Info.plist; sourceTree = "<group>"; };
/* End PBXFileReference section */

/* Begin PBXFrameworksBuildPhase section */
		B3CF224F2D6293000037DD29 /* Frameworks */ = {
			isa = PBXFrameworksBuildPhase;
			buildActionMask = 2147483647;
			files = (
			);
			runOnlyForDeploymentPostprocessing = 0;
		};
		B3CF22572D6293050037DD29 /* Frameworks */ = {
			isa = PBXFrameworksBuildPhase;
			buildActionMask = 2147483647;
			files = (
				B3CF225B2D6293050037DD29 /* ViewControllerLifecycleObservers.framework in Frameworks */,
			);
			runOnlyForDeploymentPostprocessing = 0;
		};
		B3CF226D2D62972E0037DD29 /* Frameworks */ = {
			isa = PBXFrameworksBuildPhase;
			buildActionMask = 2147483647;
			files = (
			);
			runOnlyForDeploymentPostprocessing = 0;
		};
/* End PBXFrameworksBuildPhase section */

/* Begin PBXGroup section */
		B3CF22482D6293000037DD29 = {
			isa = PBXGroup;
			children = (
				B3CF22542D6293000037DD29 /* ViewControllerLifecycleObservers */,
				B3CF225E2D6293050037DD29 /* ViewControllerLifecycleObserversTests */,
				B3CF22712D62972E0037DD29 /* ViewLifecycleObserversSampleApp */,
				B3CF22532D6293000037DD29 /* Products */,
			);
			sourceTree = "<group>";
		};
		B3CF22532D6293000037DD29 /* Products */ = {
			isa = PBXGroup;
			children = (
				B3CF22522D6293000037DD29 /* ViewControllerLifecycleObservers.framework */,
				B3CF225A2D6293050037DD29 /* ViewControllerLifecycleObserversTests.xctest */,
				B3CF22702D62972E0037DD29 /* ViewLifecycleObserversSampleApp.app */,
			);
			name = Products;
			sourceTree = "<group>";
		};
		B3CF22542D6293000037DD29 /* ViewControllerLifecycleObservers */ = {
			isa = PBXGroup;
			children = (
				B3CF22552D6293000037DD29 /* ViewControllerLifecycleObservers.h */,
				B3CF226A2D6293510037DD29 /* UIViewControllers+LifecycleObservers.swift */,
			);
			path = ViewControllerLifecycleObservers;
			sourceTree = "<group>";
		};
		B3CF225E2D6293050037DD29 /* ViewControllerLifecycleObserversTests */ = {
			isa = PBXGroup;
			children = (
				B3CF225F2D6293050037DD29 /* ViewControllerLifecycleObserversTests.swift */,
			);
			path = ViewControllerLifecycleObserversTests;
			sourceTree = "<group>";
		};
		B3CF22712D62972E0037DD29 /* ViewLifecycleObserversSampleApp */ = {
			isa = PBXGroup;
			children = (
				B3CF22722D62972E0037DD29 /* AppDelegate.swift */,
				B3CF22742D62972E0037DD29 /* SceneDelegate.swift */,
				B3CF22762D62972E0037DD29 /* ViewController.swift */,
				B3CF22782D62972E0037DD29 /* Main.storyboard */,
				B3CF227B2D6297330037DD29 /* Assets.xcassets */,
				B3CF227D2D6297330037DD29 /* LaunchScreen.storyboard */,
				B3CF22802D6297330037DD29 /* Info.plist */,
			);
			path = ViewLifecycleObserversSampleApp;
			sourceTree = "<group>";
		};
/* End PBXGroup section */

/* Begin PBXHeadersBuildPhase section */
		B3CF224D2D6293000037DD29 /* Headers */ = {
			isa = PBXHeadersBuildPhase;
			buildActionMask = 2147483647;
			files = (
				B3CF22612D6293050037DD29 /* ViewControllerLifecycleObservers.h in Headers */,
			);
			runOnlyForDeploymentPostprocessing = 0;
		};
/* End PBXHeadersBuildPhase section */

/* Begin PBXNativeTarget section */
		B3CF22512D6293000037DD29 /* ViewControllerLifecycleObservers */ = {
			isa = PBXNativeTarget;
			buildConfigurationList = B3CF22642D6293050037DD29 /* Build configuration list for PBXNativeTarget "ViewControllerLifecycleObservers" */;
			buildPhases = (
				B3CF224D2D6293000037DD29 /* Headers */,
				B3CF224E2D6293000037DD29 /* Sources */,
				B3CF224F2D6293000037DD29 /* Frameworks */,
				B3CF22502D6293000037DD29 /* Resources */,
			);
			buildRules = (
			);
			dependencies = (
			);
			name = ViewControllerLifecycleObservers;
			productName = ViewControllerLifecycleObservers;
			productReference = B3CF22522D6293000037DD29 /* ViewControllerLifecycleObservers.framework */;
			productType = "com.apple.product-type.framework";
		};
		B3CF22592D6293050037DD29 /* ViewControllerLifecycleObserversTests */ = {
			isa = PBXNativeTarget;
			buildConfigurationList = B3CF22672D6293050037DD29 /* Build configuration list for PBXNativeTarget "ViewControllerLifecycleObserversTests" */;
			buildPhases = (
				B3CF22562D6293050037DD29 /* Sources */,
				B3CF22572D6293050037DD29 /* Frameworks */,
				B3CF22582D6293050037DD29 /* Resources */,
			);
			buildRules = (
			);
			dependencies = (
				B3CF225D2D6293050037DD29 /* PBXTargetDependency */,
			);
			name = ViewControllerLifecycleObserversTests;
			productName = ViewControllerLifecycleObserversTests;
			productReference = B3CF225A2D6293050037DD29 /* ViewControllerLifecycleObserversTests.xctest */;
			productType = "com.apple.product-type.bundle.unit-test";
		};
		B3CF226F2D62972E0037DD29 /* ViewLifecycleObserversSampleApp */ = {
			isa = PBXNativeTarget;
			buildConfigurationList = B3CF22812D6297330037DD29 /* Build configuration list for PBXNativeTarget "ViewLifecycleObserversSampleApp" */;
			buildPhases = (
				B3CF226C2D62972E0037DD29 /* Sources */,
				B3CF226D2D62972E0037DD29 /* Frameworks */,
				B3CF226E2D62972E0037DD29 /* Resources */,
			);
			buildRules = (
			);
			dependencies = (
			);
			name = ViewLifecycleObserversSampleApp;
			productName = ViewLifecycleObserversSampleApp;
			productReference = B3CF22702D62972E0037DD29 /* ViewLifecycleObserversSampleApp.app */;
			productType = "com.apple.product-type.application";
		};
/* End PBXNativeTarget section */

/* Begin PBXProject section */
		B3CF22492D6293000037DD29 /* Project object */ = {
			isa = PBXProject;
			attributes = {
				BuildIndependentTargetsInParallel = 1;
				LastSwiftUpdateCheck = 1540;
				LastUpgradeCheck = 1540;
				TargetAttributes = {
					B3CF22512D6293000037DD29 = {
						CreatedOnToolsVersion = 15.4;
						LastSwiftMigration = 1540;
					};
					B3CF22592D6293050037DD29 = {
						CreatedOnToolsVersion = 15.4;
					};
					B3CF226F2D62972E0037DD29 = {
						CreatedOnToolsVersion = 15.4;
					};
				};
			};
			buildConfigurationList = B3CF224C2D6293000037DD29 /* Build configuration list for PBXProject "ViewControllerLifecycleObservers" */;
			compatibilityVersion = "Xcode 14.0";
			developmentRegion = en;
			hasScannedForEncodings = 0;
			knownRegions = (
				en,
				Base,
			);
			mainGroup = B3CF22482D6293000037DD29;
			productRefGroup = B3CF22532D6293000037DD29 /* Products */;
			projectDirPath = "";
			projectRoot = "";
			targets = (
				B3CF22512D6293000037DD29 /* ViewControllerLifecycleObservers */,
				B3CF22592D6293050037DD29 /* ViewControllerLifecycleObserversTests */,
				B3CF226F2D62972E0037DD29 /* ViewLifecycleObserversSampleApp */,
			);
		};
/* End PBXProject section */

/* Begin PBXResourcesBuildPhase section */
		B3CF22502D6293000037DD29 /* Resources */ = {
			isa = PBXResourcesBuildPhase;
			buildActionMask = 2147483647;
			files = (
			);
			runOnlyForDeploymentPostprocessing = 0;
		};
		B3CF22582D6293050037DD29 /* Resources */ = {
			isa = PBXResourcesBuildPhase;
			buildActionMask = 2147483647;
			files = (
			);
			runOnlyForDeploymentPostprocessing = 0;
		};
		B3CF226E2D62972E0037DD29 /* Resources */ = {
			isa = PBXResourcesBuildPhase;
			buildActionMask = 2147483647;
			files = (
				B3CF227C2D6297330037DD29 /* Assets.xcassets in Resources */,
				B3CF227F2D6297330037DD29 /* Base in Resources */,
				B3CF227A2D62972E0037DD29 /* Base in Resources */,
			);
			runOnlyForDeploymentPostprocessing = 0;
		};
/* End PBXResourcesBuildPhase section */

/* Begin PBXSourcesBuildPhase section */
		B3CF224E2D6293000037DD29 /* Sources */ = {
			isa = PBXSourcesBuildPhase;
			buildActionMask = 2147483647;
			files = (
				B3CF226B2D6293510037DD29 /* UIViewControllers+LifecycleObservers.swift in Sources */,
			);
			runOnlyForDeploymentPostprocessing = 0;
		};
		B3CF22562D6293050037DD29 /* Sources */ = {
			isa = PBXSourcesBuildPhase;
			buildActionMask = 2147483647;
			files = (
				B3CF22602D6293050037DD29 /* ViewControllerLifecycleObserversTests.swift in Sources */,
			);
			runOnlyForDeploymentPostprocessing = 0;
		};
		B3CF226C2D62972E0037DD29 /* Sources */ = {
			isa = PBXSourcesBuildPhase;
			buildActionMask = 2147483647;
			files = (
				B3CF22772D62972E0037DD29 /* ViewController.swift in Sources */,
				B3CF22732D62972E0037DD29 /* AppDelegate.swift in Sources */,
				B3CF22752D62972E0037DD29 /* SceneDelegate.swift in Sources */,
			);
			runOnlyForDeploymentPostprocessing = 0;
		};
/* End PBXSourcesBuildPhase section */

/* Begin PBXTargetDependency section */
		B3CF225D2D6293050037DD29 /* PBXTargetDependency */ = {
			isa = PBXTargetDependency;
			target = B3CF22512D6293000037DD29 /* ViewControllerLifecycleObservers */;
			targetProxy = B3CF225C2D6293050037DD29 /* PBXContainerItemProxy */;
		};
/* End PBXTargetDependency section */

/* Begin PBXVariantGroup section */
		B3CF22782D62972E0037DD29 /* Main.storyboard */ = {
			isa = PBXVariantGroup;
			children = (
				B3CF22792D62972E0037DD29 /* Base */,
			);
			name = Main.storyboard;
			sourceTree = "<group>";
		};
		B3CF227D2D6297330037DD29 /* LaunchScreen.storyboard */ = {
			isa = PBXVariantGroup;
			children = (
				B3CF227E2D6297330037DD29 /* Base */,
			);
			name = LaunchScreen.storyboard;
			sourceTree = "<group>";
		};
/* End PBXVariantGroup section */

/* Begin XCBuildConfiguration section */
		B3CF22622D6293050037DD29 /* Debug */ = {
			isa = XCBuildConfiguration;
			buildSettings = {
				ALWAYS_SEARCH_USER_PATHS = NO;
				ASSETCATALOG_COMPILER_GENERATE_SWIFT_ASSET_SYMBOL_EXTENSIONS = YES;
				CLANG_ANALYZER_NONNULL = YES;
				CLANG_ANALYZER_NUMBER_OBJECT_CONVERSION = YES_AGGRESSIVE;
				CLANG_CXX_LANGUAGE_STANDARD = "gnu++20";
				CLANG_ENABLE_MODULES = YES;
				CLANG_ENABLE_OBJC_ARC = YES;
				CLANG_ENABLE_OBJC_WEAK = YES;
				CLANG_WARN_BLOCK_CAPTURE_AUTORELEASING = YES;
				CLANG_WARN_BOOL_CONVERSION = YES;
				CLANG_WARN_COMMA = YES;
				CLANG_WARN_CONSTANT_CONVERSION = YES;
				CLANG_WARN_DEPRECATED_OBJC_IMPLEMENTATIONS = YES;
				CLANG_WARN_DIRECT_OBJC_ISA_USAGE = YES_ERROR;
				CLANG_WARN_DOCUMENTATION_COMMENTS = YES;
				CLANG_WARN_EMPTY_BODY = YES;
				CLANG_WARN_ENUM_CONVERSION = YES;
				CLANG_WARN_INFINITE_RECURSION = YES;
				CLANG_WARN_INT_CONVERSION = YES;
				CLANG_WARN_NON_LITERAL_NULL_CONVERSION = YES;
				CLANG_WARN_OBJC_IMPLICIT_RETAIN_SELF = YES;
				CLANG_WARN_OBJC_LITERAL_CONVERSION = YES;
				CLANG_WARN_OBJC_ROOT_CLASS = YES_ERROR;
				CLANG_WARN_QUOTED_INCLUDE_IN_FRAMEWORK_HEADER = YES;
				CLANG_WARN_RANGE_LOOP_ANALYSIS = YES;
				CLANG_WARN_STRICT_PROTOTYPES = YES;
				CLANG_WARN_SUSPICIOUS_MOVE = YES;
				CLANG_WARN_UNGUARDED_AVAILABILITY = YES_AGGRESSIVE;
				CLANG_WARN_UNREACHABLE_CODE = YES;
				CLANG_WARN__DUPLICATE_METHOD_MATCH = YES;
				COPY_PHASE_STRIP = NO;
				CURRENT_PROJECT_VERSION = 1;
				DEBUG_INFORMATION_FORMAT = dwarf;
				ENABLE_STRICT_OBJC_MSGSEND = YES;
				ENABLE_TESTABILITY = YES;
				ENABLE_USER_SCRIPT_SANDBOXING = YES;
				GCC_C_LANGUAGE_STANDARD = gnu17;
				GCC_DYNAMIC_NO_PIC = NO;
				GCC_NO_COMMON_BLOCKS = YES;
				GCC_OPTIMIZATION_LEVEL = 0;
				GCC_PREPROCESSOR_DEFINITIONS = (
					"DEBUG=1",
					"$(inherited)",
				);
				GCC_WARN_64_TO_32_BIT_CONVERSION = YES;
				GCC_WARN_ABOUT_RETURN_TYPE = YES_ERROR;
				GCC_WARN_UNDECLARED_SELECTOR = YES;
				GCC_WARN_UNINITIALIZED_AUTOS = YES_AGGRESSIVE;
				GCC_WARN_UNUSED_FUNCTION = YES;
				GCC_WARN_UNUSED_VARIABLE = YES;
				IPHONEOS_DEPLOYMENT_TARGET = 17.5;
				LOCALIZATION_PREFERS_STRING_CATALOGS = YES;
				MTL_ENABLE_DEBUG_INFO = INCLUDE_SOURCE;
				MTL_FAST_MATH = YES;
				ONLY_ACTIVE_ARCH = YES;
				SDKROOT = iphoneos;
				SWIFT_ACTIVE_COMPILATION_CONDITIONS = "DEBUG $(inherited)";
				SWIFT_OPTIMIZATION_LEVEL = "-Onone";
				VERSIONING_SYSTEM = "apple-generic";
				VERSION_INFO_PREFIX = "";
			};
			name = Debug;
		};
		B3CF22632D6293050037DD29 /* Release */ = {
			isa = XCBuildConfiguration;
			buildSettings = {
				ALWAYS_SEARCH_USER_PATHS = NO;
				ASSETCATALOG_COMPILER_GENERATE_SWIFT_ASSET_SYMBOL_EXTENSIONS = YES;
				CLANG_ANALYZER_NONNULL = YES;
				CLANG_ANALYZER_NUMBER_OBJECT_CONVERSION = YES_AGGRESSIVE;
				CLANG_CXX_LANGUAGE_STANDARD = "gnu++20";
				CLANG_ENABLE_MODULES = YES;
				CLANG_ENABLE_OBJC_ARC = YES;
				CLANG_ENABLE_OBJC_WEAK = YES;
				CLANG_WARN_BLOCK_CAPTURE_AUTORELEASING = YES;
				CLANG_WARN_BOOL_CONVERSION = YES;
				CLANG_WARN_COMMA = YES;
				CLANG_WARN_CONSTANT_CONVERSION = YES;
				CLANG_WARN_DEPRECATED_OBJC_IMPLEMENTATIONS = YES;
				CLANG_WARN_DIRECT_OBJC_ISA_USAGE = YES_ERROR;
				CLANG_WARN_DOCUMENTATION_COMMENTS = YES;
				CLANG_WARN_EMPTY_BODY = YES;
				CLANG_WARN_ENUM_CONVERSION = YES;
				CLANG_WARN_INFINITE_RECURSION = YES;
				CLANG_WARN_INT_CONVERSION = YES;
				CLANG_WARN_NON_LITERAL_NULL_CONVERSION = YES;
				CLANG_WARN_OBJC_IMPLICIT_RETAIN_SELF = YES;
				CLANG_WARN_OBJC_LITERAL_CONVERSION = YES;
				CLANG_WARN_OBJC_ROOT_CLASS = YES_ERROR;
				CLANG_WARN_QUOTED_INCLUDE_IN_FRAMEWORK_HEADER = YES;
				CLANG_WARN_RANGE_LOOP_ANALYSIS = YES;
				CLANG_WARN_STRICT_PROTOTYPES = YES;
				CLANG_WARN_SUSPICIOUS_MOVE = YES;
				CLANG_WARN_UNGUARDED_AVAILABILITY = YES_AGGRESSIVE;
				CLANG_WARN_UNREACHABLE_CODE = YES;
				CLANG_WARN__DUPLICATE_METHOD_MATCH = YES;
				COPY_PHASE_STRIP = NO;
				CURRENT_PROJECT_VERSION = 1;
				DEBUG_INFORMATION_FORMAT = "dwarf-with-dsym";
				ENABLE_NS_ASSERTIONS = NO;
				ENABLE_STRICT_OBJC_MSGSEND = YES;
				ENABLE_USER_SCRIPT_SANDBOXING = YES;
				GCC_C_LANGUAGE_STANDARD = gnu17;
				GCC_NO_COMMON_BLOCKS = YES;
				GCC_WARN_64_TO_32_BIT_CONVERSION = YES;
				GCC_WARN_ABOUT_RETURN_TYPE = YES_ERROR;
				GCC_WARN_UNDECLARED_SELECTOR = YES;
				GCC_WARN_UNINITIALIZED_AUTOS = YES_AGGRESSIVE;
				GCC_WARN_UNUSED_FUNCTION = YES;
				GCC_WARN_UNUSED_VARIABLE = YES;
				IPHONEOS_DEPLOYMENT_TARGET = 17.5;
				LOCALIZATION_PREFERS_STRING_CATALOGS = YES;
				MTL_ENABLE_DEBUG_INFO = NO;
				MTL_FAST_MATH = YES;
				SDKROOT = iphoneos;
				SWIFT_COMPILATION_MODE = wholemodule;
				VALIDATE_PRODUCT = YES;
				VERSIONING_SYSTEM = "apple-generic";
				VERSION_INFO_PREFIX = "";
			};
			name = Release;
		};
		B3CF22652D6293050037DD29 /* Debug */ = {
			isa = XCBuildConfiguration;
			buildSettings = {
				BUILD_LIBRARY_FOR_DISTRIBUTION = YES;
				CLANG_ENABLE_MODULES = YES;
				CODE_SIGN_STYLE = Automatic;
				CURRENT_PROJECT_VERSION = 1;
				DEFINES_MODULE = YES;
				DYLIB_COMPATIBILITY_VERSION = 1;
				DYLIB_CURRENT_VERSION = 1;
				DYLIB_INSTALL_NAME_BASE = "@rpath";
				ENABLE_MODULE_VERIFIER = YES;
				GENERATE_INFOPLIST_FILE = YES;
				INFOPLIST_KEY_NSHumanReadableCopyright = "";
				INSTALL_PATH = "$(LOCAL_LIBRARY_DIR)/Frameworks";
				LD_RUNPATH_SEARCH_PATHS = (
					"$(inherited)",
					"@executable_path/Frameworks",
					"@loader_path/Frameworks",
				);
				MARKETING_VERSION = 1.0;
				MODULE_VERIFIER_SUPPORTED_LANGUAGES = "objective-c objective-c++";
				MODULE_VERIFIER_SUPPORTED_LANGUAGE_STANDARDS = "gnu17 gnu++20";
				PRODUCT_BUNDLE_IDENTIFIER = io.mobiledeveloper.ViewControllerLifecycleObservers;
				PRODUCT_NAME = "$(TARGET_NAME:c99extidentifier)";
				SKIP_INSTALL = YES;
				SWIFT_EMIT_LOC_STRINGS = YES;
				SWIFT_INSTALL_OBJC_HEADER = NO;
				SWIFT_OPTIMIZATION_LEVEL = "-Onone";
				SWIFT_VERSION = 5.0;
				TARGETED_DEVICE_FAMILY = "1,2";
			};
			name = Debug;
		};
		B3CF22662D6293050037DD29 /* Release */ = {
			isa = XCBuildConfiguration;
			buildSettings = {
				BUILD_LIBRARY_FOR_DISTRIBUTION = YES;
				CLANG_ENABLE_MODULES = YES;
				CODE_SIGN_STYLE = Automatic;
				CURRENT_PROJECT_VERSION = 1;
				DEFINES_MODULE = YES;
				DYLIB_COMPATIBILITY_VERSION = 1;
				DYLIB_CURRENT_VERSION = 1;
				DYLIB_INSTALL_NAME_BASE = "@rpath";
				ENABLE_MODULE_VERIFIER = YES;
				GENERATE_INFOPLIST_FILE = YES;
				INFOPLIST_KEY_NSHumanReadableCopyright = "";
				INSTALL_PATH = "$(LOCAL_LIBRARY_DIR)/Frameworks";
				LD_RUNPATH_SEARCH_PATHS = (
					"$(inherited)",
					"@executable_path/Frameworks",
					"@loader_path/Frameworks",
				);
				MARKETING_VERSION = 1.0;
				MODULE_VERIFIER_SUPPORTED_LANGUAGES = "objective-c objective-c++";
				MODULE_VERIFIER_SUPPORTED_LANGUAGE_STANDARDS = "gnu17 gnu++20";
				PRODUCT_BUNDLE_IDENTIFIER = io.mobiledeveloper.ViewControllerLifecycleObservers;
				PRODUCT_NAME = "$(TARGET_NAME:c99extidentifier)";
				SKIP_INSTALL = YES;
				SWIFT_EMIT_LOC_STRINGS = YES;
				SWIFT_INSTALL_OBJC_HEADER = NO;
				SWIFT_VERSION = 5.0;
				TARGETED_DEVICE_FAMILY = "1,2";
			};
			name = Release;
		};
		B3CF22682D6293050037DD29 /* Debug */ = {
			isa = XCBuildConfiguration;
			buildSettings = {
				ALWAYS_EMBED_SWIFT_STANDARD_LIBRARIES = YES;
				CODE_SIGN_STYLE = Automatic;
				CURRENT_PROJECT_VERSION = 1;
				GENERATE_INFOPLIST_FILE = YES;
				MARKETING_VERSION = 1.0;
				PRODUCT_BUNDLE_IDENTIFIER = io.mobiledeveloper.ViewControllerLifecycleObserversTests;
				PRODUCT_NAME = "$(TARGET_NAME)";
				SWIFT_EMIT_LOC_STRINGS = NO;
				SWIFT_VERSION = 5.0;
				TARGETED_DEVICE_FAMILY = "1,2";
			};
			name = Debug;
		};
		B3CF22692D6293050037DD29 /* Release */ = {
			isa = XCBuildConfiguration;
			buildSettings = {
				ALWAYS_EMBED_SWIFT_STANDARD_LIBRARIES = YES;
				CODE_SIGN_STYLE = Automatic;
				CURRENT_PROJECT_VERSION = 1;
				GENERATE_INFOPLIST_FILE = YES;
				MARKETING_VERSION = 1.0;
				PRODUCT_BUNDLE_IDENTIFIER = io.mobiledeveloper.ViewControllerLifecycleObserversTests;
				PRODUCT_NAME = "$(TARGET_NAME)";
				SWIFT_EMIT_LOC_STRINGS = NO;
				SWIFT_VERSION = 5.0;
				TARGETED_DEVICE_FAMILY = "1,2";
			};
			name = Release;
		};
		B3CF22822D6297330037DD29 /* Debug */ = {
			isa = XCBuildConfiguration;
			buildSettings = {
				ASSETCATALOG_COMPILER_APPICON_NAME = AppIcon;
				ASSETCATALOG_COMPILER_GLOBAL_ACCENT_COLOR_NAME = AccentColor;
				CODE_SIGN_STYLE = Automatic;
				CURRENT_PROJECT_VERSION = 1;
				GENERATE_INFOPLIST_FILE = YES;
				INFOPLIST_FILE = ViewLifecycleObserversSampleApp/Info.plist;
				INFOPLIST_KEY_UIApplicationSupportsIndirectInputEvents = YES;
				INFOPLIST_KEY_UILaunchStoryboardName = LaunchScreen;
				INFOPLIST_KEY_UIMainStoryboardFile = Main;
				INFOPLIST_KEY_UISupportedInterfaceOrientations_iPad = "UIInterfaceOrientationPortrait UIInterfaceOrientationPortraitUpsideDown UIInterfaceOrientationLandscapeLeft UIInterfaceOrientationLandscapeRight";
				INFOPLIST_KEY_UISupportedInterfaceOrientations_iPhone = "UIInterfaceOrientationPortrait UIInterfaceOrientationLandscapeLeft UIInterfaceOrientationLandscapeRight";
				LD_RUNPATH_SEARCH_PATHS = (
					"$(inherited)",
					"@executable_path/Frameworks",
				);
				MARKETING_VERSION = 1.0;
				PRODUCT_BUNDLE_IDENTIFIER = io.mobiledeveloper.ViewLifecycleObserversSampleApp;
				PRODUCT_NAME = "$(TARGET_NAME)";
				SWIFT_EMIT_LOC_STRINGS = YES;
				SWIFT_VERSION = 5.0;
				TARGETED_DEVICE_FAMILY = "1,2";
			};
			name = Debug;
		};
		B3CF22832D6297330037DD29 /* Release */ = {
			isa = XCBuildConfiguration;
			buildSettings = {
				ASSETCATALOG_COMPILER_APPICON_NAME = AppIcon;
				ASSETCATALOG_COMPILER_GLOBAL_ACCENT_COLOR_NAME = AccentColor;
				CODE_SIGN_STYLE = Automatic;
				CURRENT_PROJECT_VERSION = 1;
				GENERATE_INFOPLIST_FILE = YES;
				INFOPLIST_FILE = ViewLifecycleObserversSampleApp/Info.plist;
				INFOPLIST_KEY_UIApplicationSupportsIndirectInputEvents = YES;
				INFOPLIST_KEY_UILaunchStoryboardName = LaunchScreen;
				INFOPLIST_KEY_UIMainStoryboardFile = Main;
				INFOPLIST_KEY_UISupportedInterfaceOrientations_iPad = "UIInterfaceOrientationPortrait UIInterfaceOrientationPortraitUpsideDown UIInterfaceOrientationLandscapeLeft UIInterfaceOrientationLandscapeRight";
				INFOPLIST_KEY_UISupportedInterfaceOrientations_iPhone = "UIInterfaceOrientationPortrait UIInterfaceOrientationLandscapeLeft UIInterfaceOrientationLandscapeRight";
				LD_RUNPATH_SEARCH_PATHS = (
					"$(inherited)",
					"@executable_path/Frameworks",
				);
				MARKETING_VERSION = 1.0;
				PRODUCT_BUNDLE_IDENTIFIER = io.mobiledeveloper.ViewLifecycleObserversSampleApp;
				PRODUCT_NAME = "$(TARGET_NAME)";
				SWIFT_EMIT_LOC_STRINGS = YES;
				SWIFT_VERSION = 5.0;
				TARGETED_DEVICE_FAMILY = "1,2";
			};
			name = Release;
		};
/* End XCBuildConfiguration section */

/* Begin XCConfigurationList section */
		B3CF224C2D6293000037DD29 /* Build configuration list for PBXProject "ViewControllerLifecycleObservers" */ = {
			isa = XCConfigurationList;
			buildConfigurations = (
				B3CF22622D6293050037DD29 /* Debug */,
				B3CF22632D6293050037DD29 /* Release */,
			);
			defaultConfigurationIsVisible = 0;
			defaultConfigurationName = Release;
		};
		B3CF22642D6293050037DD29 /* Build configuration list for PBXNativeTarget "ViewControllerLifecycleObservers" */ = {
			isa = XCConfigurationList;
			buildConfigurations = (
				B3CF22652D6293050037DD29 /* Debug */,
				B3CF22662D6293050037DD29 /* Release */,
			);
			defaultConfigurationIsVisible = 0;
			defaultConfigurationName = Release;
		};
		B3CF22672D6293050037DD29 /* Build configuration list for PBXNativeTarget "ViewControllerLifecycleObserversTests" */ = {
			isa = XCConfigurationList;
			buildConfigurations = (
				B3CF22682D6293050037DD29 /* Debug */,
				B3CF22692D6293050037DD29 /* Release */,
			);
			defaultConfigurationIsVisible = 0;
			defaultConfigurationName = Release;
		};
		B3CF22812D6297330037DD29 /* Build configuration list for PBXNativeTarget "ViewLifecycleObserversSampleApp" */ = {
			isa = XCConfigurationList;
			buildConfigurations = (
				B3CF22822D6297330037DD29 /* Debug */,
				B3CF22832D6297330037DD29 /* Release */,
			);
			defaultConfigurationIsVisible = 0;
			defaultConfigurationName = Release;
		};
/* End XCConfigurationList section */
	};
	rootObject = B3CF22492D6293000037DD29 /* Project object */;
}
